# THIS IS AN AUTOGENERATED FILE. DO NOT EDIT THIS FILE DIRECTLY.
# yarn lockfile v1


"@types/cors@^2.8.13":
  version "2.8.13"
  resolved "https://registry.yarnpkg.com/@types/cors/-/cors-2.8.13.tgz#b8ade22ba455a1b8cb3b5d3f35910fd204f84f94"
  integrity sha512-RG8AStHlUiV5ysZQKq97copd2UmVYw3/pRMLefISZ3S1hK104Cwm7iLQ3fTKx+lsUH2CE8FlLaYeEA2LSeqYUA==
  dependencies:
    "@types/node" "*"

"@types/node@*":
  version "20.4.1"
  resolved "https://registry.yarnpkg.com/@types/node/-/node-20.4.1.tgz#a6033a8718653c50ac4962977e14d0f984d9527d"
  integrity sha512-JIzsAvJeA/5iY6Y/OxZbv1lUcc8dNSE77lb2gnBH+/PJ3lFR1Ccvgwl5JWnHAkNHcRsT0TbpVOsiMKZ1F/yyJg==
