# THIS IS AN AUTOGENERATED FILE. DO NOT EDIT THIS FILE DIRECTLY.
# yarn lockfile v1


react-hook-form@^7.43.3:
  version "7.43.3"
  resolved "https://registry.yarnpkg.com/react-hook-form/-/react-hook-form-7.43.3.tgz#780af64ea1f3c5864626a377e302bfcc7750af6f"
  integrity sha512-LV6Fixh+hirrl6dXbM78aB6n//82aKbsNbcofF3wc6nx1UJLu3Jj/gsg1E5C9iISnLX+du8VTUyBUz2aCy+H7w==
